
Microsoft Visual Studio Solution File, Format Version 12.00
# Visual Studio Version 17
VisualStudioVersion = 17.0.31903.59
MinimumVisualStudioVersion = 10.0.40219.1
Project("{2150E333-8FDC-42A3-9474-1A3956D46DE8}") = "src", "src", "{10E775AD-07C1-4D08-8D85-00ADB877C9F8}"
EndProject
Project("{FAE04EC0-301F-11D3-BF4B-00C04F79EFBC}") = "TimeClockUI", "src\TimeClockUI\TimeClockUI.csproj", "{16781F74-B77C-44F1-9F36-2BD6C651ECF2}"
EndProject
Project("{FAE04EC0-301F-11D3-BF4B-00C04F79EFBC}") = "TimeApi", "src\TimeApi\TimeApi.csproj", "{A8ECB3DA-D9BE-437E-9CAB-EA11E459DB84}"
EndProject
Project("{FAE04EC0-301F-11D3-BF4B-00C04F79EFBC}") = "TimeClock.client", "src\TimeClock.client\TimeClock.client.csproj", "{A4AC1F8B-82C7-4B62-B5BB-68CF9C257C22}"
EndProject
Project("{2150E333-8FDC-42A3-9474-1A3956D46DE8}") = "tests", "tests", "{0AB3BF05-4346-4AA6-1389-037BE0695223}"
EndProject
Project("{FAE04EC0-301F-11D3-BF4B-00C04F79EFBC}") = "TimeApi.Tests", "tests\TimeApi.Tests\TimeApi.Tests.csproj", "{B9C0CFE8-6667-4AF6-AE0A-0B19298204EC}"
EndProject
Project("{FAE04EC0-301F-11D3-BF4B-00C04F79EFBC}") = "TimeApi.IntegrationTests", "tests\TimeApi.IntegrationTests\TimeApi.IntegrationTests.csproj", "{68964FDC-1994-427A-A853-9301AB04B165}"
EndProject
Global
	GlobalSection(SolutionConfigurationPlatforms) = preSolution
		Debug|Any CPU = Debug|Any CPU
		Debug|x64 = Debug|x64
		Debug|x86 = Debug|x86
		Release|Any CPU = Release|Any CPU
		Release|x64 = Release|x64
		Release|x86 = Release|x86
	EndGlobalSection
	GlobalSection(ProjectConfigurationPlatforms) = postSolution
		{16781F74-B77C-44F1-9F36-2BD6C651ECF2}.Debug|Any CPU.ActiveCfg = Debug|Any CPU
		{16781F74-B77C-44F1-9F36-2BD6C651ECF2}.Debug|Any CPU.Build.0 = Debug|Any CPU
		{16781F74-B77C-44F1-9F36-2BD6C651ECF2}.Debug|x64.ActiveCfg = Debug|Any CPU
		{16781F74-B77C-44F1-9F36-2BD6C651ECF2}.Debug|x64.Build.0 = Debug|Any CPU
		{16781F74-B77C-44F1-9F36-2BD6C651ECF2}.Debug|x86.ActiveCfg = Debug|Any CPU
		{16781F74-B77C-44F1-9F36-2BD6C651ECF2}.Debug|x86.Build.0 = Debug|Any CPU
		{16781F74-B77C-44F1-9F36-2BD6C651ECF2}.Release|Any CPU.ActiveCfg = Release|Any CPU
		{16781F74-B77C-44F1-9F36-2BD6C651ECF2}.Release|Any CPU.Build.0 = Release|Any CPU
		{16781F74-B77C-44F1-9F36-2BD6C651ECF2}.Release|x64.ActiveCfg = Release|Any CPU
		{16781F74-B77C-44F1-9F36-2BD6C651ECF2}.Release|x64.Build.0 = Release|Any CPU
		{16781F74-B77C-44F1-9F36-2BD6C651ECF2}.Release|x86.ActiveCfg = Release|Any CPU
		{16781F74-B77C-44F1-9F36-2BD6C651ECF2}.Release|x86.Build.0 = Release|Any CPU
		{A8ECB3DA-D9BE-437E-9CAB-EA11E459DB84}.Debug|Any CPU.ActiveCfg = Debug|Any CPU
		{A8ECB3DA-D9BE-437E-9CAB-EA11E459DB84}.Debug|Any CPU.Build.0 = Debug|Any CPU
		{A8ECB3DA-D9BE-437E-9CAB-EA11E459DB84}.Debug|x64.ActiveCfg = Debug|Any CPU
		{A8ECB3DA-D9BE-437E-9CAB-EA11E459DB84}.Debug|x64.Build.0 = Debug|Any CPU
		{A8ECB3DA-D9BE-437E-9CAB-EA11E459DB84}.Debug|x86.ActiveCfg = Debug|Any CPU
		{A8ECB3DA-D9BE-437E-9CAB-EA11E459DB84}.Debug|x86.Build.0 = Debug|Any CPU
		{A8ECB3DA-D9BE-437E-9CAB-EA11E459DB84}.Release|Any CPU.ActiveCfg = Release|Any CPU
		{A8ECB3DA-D9BE-437E-9CAB-EA11E459DB84}.Release|Any CPU.Build.0 = Release|Any CPU
		{A8ECB3DA-D9BE-437E-9CAB-EA11E459DB84}.Release|x64.ActiveCfg = Release|Any CPU
		{A8ECB3DA-D9BE-437E-9CAB-EA11E459DB84}.Release|x64.Build.0 = Release|Any CPU
		{A8ECB3DA-D9BE-437E-9CAB-EA11E459DB84}.Release|x86.ActiveCfg = Release|Any CPU
		{A8ECB3DA-D9BE-437E-9CAB-EA11E459DB84}.Release|x86.Build.0 = Release|Any CPU
		{A4AC1F8B-82C7-4B62-B5BB-68CF9C257C22}.Debug|Any CPU.ActiveCfg = Debug|Any CPU
		{A4AC1F8B-82C7-4B62-B5BB-68CF9C257C22}.Debug|Any CPU.Build.0 = Debug|Any CPU
		{A4AC1F8B-82C7-4B62-B5BB-68CF9C257C22}.Debug|x64.ActiveCfg = Debug|Any CPU
		{A4AC1F8B-82C7-4B62-B5BB-68CF9C257C22}.Debug|x64.Build.0 = Debug|Any CPU
		{A4AC1F8B-82C7-4B62-B5BB-68CF9C257C22}.Debug|x86.ActiveCfg = Debug|Any CPU
		{A4AC1F8B-82C7-4B62-B5BB-68CF9C257C22}.Debug|x86.Build.0 = Debug|Any CPU
		{A4AC1F8B-82C7-4B62-B5BB-68CF9C257C22}.Release|Any CPU.ActiveCfg = Release|Any CPU
		{A4AC1F8B-82C7-4B62-B5BB-68CF9C257C22}.Release|Any CPU.Build.0 = Release|Any CPU
		{A4AC1F8B-82C7-4B62-B5BB-68CF9C257C22}.Release|x64.ActiveCfg = Release|Any CPU
		{A4AC1F8B-82C7-4B62-B5BB-68CF9C257C22}.Release|x64.Build.0 = Release|Any CPU
		{A4AC1F8B-82C7-4B62-B5BB-68CF9C257C22}.Release|x86.ActiveCfg = Release|Any CPU
		{A4AC1F8B-82C7-4B62-B5BB-68CF9C257C22}.Release|x86.Build.0 = Release|Any CPU
		{B9C0CFE8-6667-4AF6-AE0A-0B19298204EC}.Debug|Any CPU.ActiveCfg = Debug|Any CPU
		{B9C0CFE8-6667-4AF6-AE0A-0B19298204EC}.Debug|Any CPU.Build.0 = Debug|Any CPU
		{B9C0CFE8-6667-4AF6-AE0A-0B19298204EC}.Debug|x64.ActiveCfg = Debug|Any CPU
		{B9C0CFE8-6667-4AF6-AE0A-0B19298204EC}.Debug|x64.Build.0 = Debug|Any CPU
		{B9C0CFE8-6667-4AF6-AE0A-0B19298204EC}.Debug|x86.ActiveCfg = Debug|Any CPU
		{B9C0CFE8-6667-4AF6-AE0A-0B19298204EC}.Debug|x86.Build.0 = Debug|Any CPU
		{B9C0CFE8-6667-4AF6-AE0A-0B19298204EC}.Release|Any CPU.ActiveCfg = Release|Any CPU
		{B9C0CFE8-6667-4AF6-AE0A-0B19298204EC}.Release|Any CPU.Build.0 = Release|Any CPU
		{B9C0CFE8-6667-4AF6-AE0A-0B19298204EC}.Release|x64.ActiveCfg = Release|Any CPU
		{B9C0CFE8-6667-4AF6-AE0A-0B19298204EC}.Release|x64.Build.0 = Release|Any CPU
		{B9C0CFE8-6667-4AF6-AE0A-0B19298204EC}.Release|x86.ActiveCfg = Release|Any CPU
		{B9C0CFE8-6667-4AF6-AE0A-0B19298204EC}.Release|x86.Build.0 = Release|Any CPU
		{68964FDC-1994-427A-A853-9301AB04B165}.Debug|Any CPU.ActiveCfg = Debug|Any CPU
		{68964FDC-1994-427A-A853-9301AB04B165}.Debug|Any CPU.Build.0 = Debug|Any CPU
		{68964FDC-1994-427A-A853-9301AB04B165}.Debug|x64.ActiveCfg = Debug|Any CPU
		{68964FDC-1994-427A-A853-9301AB04B165}.Debug|x64.Build.0 = Debug|Any CPU
		{68964FDC-1994-427A-A853-9301AB04B165}.Debug|x86.ActiveCfg = Debug|Any CPU
		{68964FDC-1994-427A-A853-9301AB04B165}.Debug|x86.Build.0 = Debug|Any CPU
		{68964FDC-1994-427A-A853-9301AB04B165}.Release|Any CPU.ActiveCfg = Release|Any CPU
		{68964FDC-1994-427A-A853-9301AB04B165}.Release|Any CPU.Build.0 = Release|Any CPU
		{68964FDC-1994-427A-A853-9301AB04B165}.Release|x64.ActiveCfg = Release|Any CPU
		{68964FDC-1994-427A-A853-9301AB04B165}.Release|x64.Build.0 = Release|Any CPU
		{68964FDC-1994-427A-A853-9301AB04B165}.Release|x86.ActiveCfg = Release|Any CPU
		{68964FDC-1994-427A-A853-9301AB04B165}.Release|x86.Build.0 = Release|Any CPU
	EndGlobalSection
	GlobalSection(SolutionProperties) = preSolution
		HideSolutionNode = FALSE
	EndGlobalSection
	GlobalSection(NestedProjects) = preSolution
		{16781F74-B77C-44F1-9F36-2BD6C651ECF2} = {10E775AD-07C1-4D08-8D85-00ADB877C9F8}
		{A8ECB3DA-D9BE-437E-9CAB-EA11E459DB84} = {10E775AD-07C1-4D08-8D85-00ADB877C9F8}
		{A4AC1F8B-82C7-4B62-B5BB-68CF9C257C22} = {10E775AD-07C1-4D08-8D85-00ADB877C9F8}
		{B9C0CFE8-6667-4AF6-AE0A-0B19298204EC} = {0AB3BF05-4346-4AA6-1389-037BE0695223}
		{68964FDC-1994-427A-A853-9301AB04B165} = {0AB3BF05-4346-4AA6-1389-037BE0695223}
	EndGlobalSection
	GlobalSection(ExtensibilityGlobals) = postSolution
		SolutionGuid = {6BDBF7C1-4424-43C4-9F5A-AA123FE8C841}
	EndGlobalSection
EndGlobal
